{
  "name": "ntari-accessibility-standards",
  "lockfileVersion": 3,
  "requires": true,
  "packages": {
    "": {
      "dependencies": {
        "@types/mdx": "^2.0.14"
      }
    },
    "node_modules/@types/mdx": {
      "version": "2.0.14",
      "resolved": "https://registry.npmjs.org/@types/mdx/-/mdx-2.0.14.tgz",
      "integrity": "sha512-T48PeuJtvLosNTPVhfnIp3i/n3a4g4Bad7YCq5k64D4u7NwDrAotikQ+5+sjtUvBmxCMlbo3dVL+C2dP0rWHzg==",
      "license": "MIT"
    }
  }
}
